
Microsoft Visual Studio Solution File, Format Version 12.00
# Visual Studio Version 17
VisualStudioVersion = 17.8.34322.80
MinimumVisualStudioVersion = 10.0.40219.1
Project("{FAE04EC0-301F-11D3-BF4B-00C04F79EFBC}") = "TopicSubscriber", "TopicSubscriber\TopicSubscriber.csproj", "{ACC09F79-8893-416C-80F0-BD205929AFD5}"
EndProject
Project("{FAE04EC0-301F-11D3-BF4B-00C04F79EFBC}") = "TopicPublisher", "TopicPublisher\TopicPublisher.csproj", "{0C05216B-5BB2-4830-B648-7F7CD49645D7}"
EndProject
Global
	GlobalSection(SolutionConfigurationPlatforms) = preSolution
		Debug|Any CPU = Debug|Any CPU
		Release|Any CPU = Release|Any CPU
	EndGlobalSection
	GlobalSection(ProjectConfigurationPlatforms) = postSolution
		{ACC09F79-8893-416C-80F0-BD205929AFD5}.Debug|Any CPU.ActiveCfg = Debug|Any CPU
		{ACC09F79-8893-416C-80F0-BD205929AFD5}.Debug|Any CPU.Build.0 = Debug|Any CPU
		{ACC09F79-8893-416C-80F0-BD205929AFD5}.Release|Any CPU.ActiveCfg = Release|Any CPU
		{ACC09F79-8893-416C-80F0-BD205929AFD5}.Release|Any CPU.Build.0 = Release|Any CPU
		{0C05216B-5BB2-4830-B648-7F7CD49645D7}.Debug|Any CPU.ActiveCfg = Debug|Any CPU
		{0C05216B-5BB2-4830-B648-7F7CD49645D7}.Debug|Any CPU.Build.0 = Debug|Any CPU
		{0C05216B-5BB2-4830-B648-7F7CD49645D7}.Release|Any CPU.ActiveCfg = Release|Any CPU
		{0C05216B-5BB2-4830-B648-7F7CD49645D7}.Release|Any CPU.Build.0 = Release|Any CPU
	EndGlobalSection
	GlobalSection(SolutionProperties) = preSolution
		HideSolutionNode = FALSE
	EndGlobalSection
	GlobalSection(ExtensibilityGlobals) = postSolution
		SolutionGuid = {A86362C3-D393-4006-9413-4B969FB9870E}
	EndGlobalSection
EndGlobal
